
Microsoft Visual Studio Solution File, Format Version 12.00
# Visual Studio 15
VisualStudioVersion = 15.0.28010.2046
MinimumVisualStudioVersion = 10.0.40219.1
Project("{9A19103F-16F7-4668-BE54-9A1E7A4F7556}") = "DndCharacter", "DndCharacter\DndCharacter.csproj", "{F1201EAC-B2FF-43F8-9F3B-30BFC70554AC}"
EndProject
Project("{9A19103F-16F7-4668-BE54-9A1E7A4F7556}") = "SL.API", "SL.API\SL.API.csproj", "{9906CFEC-A5E6-4631-A4CD-03765C663E1F}"
EndProject
Project("{9A19103F-16F7-4668-BE54-9A1E7A4F7556}") = "BL.BusinessLogic", "BL.BusinessLogic\BL.BusinessLogic.csproj", "{FA4ECD54-2842-4C3D-875A-BB05EC0D2401}"
EndProject
Project("{FAE04EC0-301F-11D3-BF4B-00C04F79EFBC}") = "DAL.Model", "DAL.Model\DAL.Model.csproj", "{3D7773E2-2E0F-41CB-9A52-749BA0808358}"
EndProject
Project("{FAE04EC0-301F-11D3-BF4B-00C04F79EFBC}") = "DAL.Data", "DAL.Data\DAL.Data.csproj", "{F3D3837D-265D-44B1-AB03-A0BC4355BF6E}"
EndProject
Global
	GlobalSection(SolutionConfigurationPlatforms) = preSolution
		Debug|Any CPU = Debug|Any CPU
		Release|Any CPU = Release|Any CPU
	EndGlobalSection
	GlobalSection(ProjectConfigurationPlatforms) = postSolution
		{F1201EAC-B2FF-43F8-9F3B-30BFC70554AC}.Debug|Any CPU.ActiveCfg = Debug|Any CPU
		{F1201EAC-B2FF-43F8-9F3B-30BFC70554AC}.Debug|Any CPU.Build.0 = Debug|Any CPU
		{F1201EAC-B2FF-43F8-9F3B-30BFC70554AC}.Release|Any CPU.ActiveCfg = Release|Any CPU
		{F1201EAC-B2FF-43F8-9F3B-30BFC70554AC}.Release|Any CPU.Build.0 = Release|Any CPU
		{9906CFEC-A5E6-4631-A4CD-03765C663E1F}.Debug|Any CPU.ActiveCfg = Debug|Any CPU
		{9906CFEC-A5E6-4631-A4CD-03765C663E1F}.Debug|Any CPU.Build.0 = Debug|Any CPU
		{9906CFEC-A5E6-4631-A4CD-03765C663E1F}.Release|Any CPU.ActiveCfg = Release|Any CPU
		{9906CFEC-A5E6-4631-A4CD-03765C663E1F}.Release|Any CPU.Build.0 = Release|Any CPU
		{FA4ECD54-2842-4C3D-875A-BB05EC0D2401}.Debug|Any CPU.ActiveCfg = Debug|Any CPU
		{FA4ECD54-2842-4C3D-875A-BB05EC0D2401}.Debug|Any CPU.Build.0 = Debug|Any CPU
		{FA4ECD54-2842-4C3D-875A-BB05EC0D2401}.Release|Any CPU.ActiveCfg = Release|Any CPU
		{FA4ECD54-2842-4C3D-875A-BB05EC0D2401}.Release|Any CPU.Build.0 = Release|Any CPU
		{3D7773E2-2E0F-41CB-9A52-749BA0808358}.Debug|Any CPU.ActiveCfg = Debug|Any CPU
		{3D7773E2-2E0F-41CB-9A52-749BA0808358}.Debug|Any CPU.Build.0 = Debug|Any CPU
		{3D7773E2-2E0F-41CB-9A52-749BA0808358}.Release|Any CPU.ActiveCfg = Release|Any CPU
		{3D7773E2-2E0F-41CB-9A52-749BA0808358}.Release|Any CPU.Build.0 = Release|Any CPU
		{F3D3837D-265D-44B1-AB03-A0BC4355BF6E}.Debug|Any CPU.ActiveCfg = Debug|Any CPU
		{F3D3837D-265D-44B1-AB03-A0BC4355BF6E}.Debug|Any CPU.Build.0 = Debug|Any CPU
		{F3D3837D-265D-44B1-AB03-A0BC4355BF6E}.Release|Any CPU.ActiveCfg = Release|Any CPU
		{F3D3837D-265D-44B1-AB03-A0BC4355BF6E}.Release|Any CPU.Build.0 = Release|Any CPU
	EndGlobalSection
	GlobalSection(SolutionProperties) = preSolution
		HideSolutionNode = FALSE
	EndGlobalSection
	GlobalSection(ExtensibilityGlobals) = postSolution
		SolutionGuid = {43B55D18-90F9-4495-A95B-E18E03FEBFC7}
	EndGlobalSection
EndGlobal
